// !$*UTF8*$!
{
	archiveVersion = 1;
	classes = {
	};
	objectVersion = 50;
	objects = {

/* Begin PBXBuildFile section */
		3F9627A420A0B1A6005BE64B /* AppDelegate.swift in Sources */ = {isa = PBXBuildFile; fileRef = 3F9627A320A0B1A6005BE64B /* AppDelegate.swift */; };
		3F9627A620A0B1A6005BE64B /* ViewController.swift in Sources */ = {isa = PBXBuildFile; fileRef = 3F9627A520A0B1A6005BE64B /* ViewController.swift */; };
		3F9627A820A0B1A6005BE64B /* Assets.xcassets in Resources */ = {isa = PBXBuildFile; fileRef = 3F9627A720A0B1A6005BE64B /* Assets.xcassets */; };
		3F9627AB20A0B1A6005BE64B /* Main.storyboard in Resources */ = {isa = PBXBuildFile; fileRef = 3F9627A920A0B1A6005BE64B /* Main.storyboard */; };
		3F9627B720A0B1A7005BE64B /* MixedLanguageTestingTests.swift in Sources */ = {isa = PBXBuildFile; fileRef = 3F9627B620A0B1A7005BE64B /* MixedLanguageTestingTests.swift */; };
		3F9627C220A0B1A7005BE64B /* MixedLanguageTestingUITests.swift in Sources */ = {isa = PBXBuildFile; fileRef = 3F9627C120A0B1A7005BE64B /* MixedLanguageTestingUITests.swift */; };
		3F9627D020A0B1C0005BE64B /* SomeSwiftClass.swift in Sources */ = {isa = PBXBuildFile; fileRef = 3F9627CF20A0B1C0005BE64B /* SomeSwiftClass.swift */; };
		3F9627D320A0B453005BE64B /* ObjCTests.m in Sources */ = {isa = PBXBuildFile; fileRef = 3F9627D220A0B453005BE64B /* ObjCTests.m */; };
		3F9627DA20A0B7BB005BE64B /* ObjCClassUsingSwiftClass.m in Sources */ = {isa = PBXBuildFile; fileRef = 3F9627D920A0B7BB005BE64B /* ObjCClassUsingSwiftClass.m */; };
/* End PBXBuildFile section */

/* Begin PBXContainerItemProxy section */
		3F9627B320A0B1A7005BE64B /* PBXContainerItemProxy */ = {
			isa = PBXContainerItemProxy;
			containerPortal = 3F96279820A0B1A6005BE64B /* Project object */;
			proxyType = 1;
			remoteGlobalIDString = 3F96279F20A0B1A6005BE64B;
			remoteInfo = MixedLanguageTesting;
		};
		3F9627BE20A0B1A7005BE64B /* PBXContainerItemProxy */ = {
			isa = PBXContainerItemProxy;
			containerPortal = 3F96279820A0B1A6005BE64B /* Project object */;
			proxyType = 1;
			remoteGlobalIDString = 3F96279F20A0B1A6005BE64B;
			remoteInfo = MixedLanguageTesting;
		};
/* End PBXContainerItemProxy section */

/* Begin PBXFileReference section */
		3F9627A020A0B1A6005BE64B /* MixedLanguageTesting.app */ = {isa = PBXFileReference; explicitFileType = wrapper.application; includeInIndex = 0; path = MixedLanguageTesting.app; sourceTree = BUILT_PRODUCTS_DIR; };
		3F9627A320A0B1A6005BE64B /* AppDelegate.swift */ = {isa = PBXFileReference; lastKnownFileType = sourcecode.swift; path = AppDelegate.swift; sourceTree = "<group>"; };
		3F9627A520A0B1A6005BE64B /* ViewController.swift */ = {isa = PBXFileReference; lastKnownFileType = sourcecode.swift; path = ViewController.swift; sourceTree = "<group>"; };
		3F9627A720A0B1A6005BE64B /* Assets.xcassets */ = {isa = PBXFileReference; lastKnownFileType = folder.assetcatalog; path = Assets.xcassets; sourceTree = "<group>"; };
		3F9627AA20A0B1A6005BE64B /* Base */ = {isa = PBXFileReference; lastKnownFileType = file.storyboard; name = Base; path = Base.lproj/Main.storyboard; sourceTree = "<group>"; };
		3F9627AC20A0B1A6005BE64B /* Info.plist */ = {isa = PBXFileReference; lastKnownFileType = text.plist.xml; path = Info.plist; sourceTree = "<group>"; };
		3F9627AD20A0B1A6005BE64B /* MixedLanguageTesting.entitlements */ = {isa = PBXFileReference; lastKnownFileType = text.plist.entitlements; path = MixedLanguageTesting.entitlements; sourceTree = "<group>"; };
		3F9627B220A0B1A7005BE64B /* MixedLanguageTestingTests.xctest */ = {isa = PBXFileReference; explicitFileType = wrapper.cfbundle; includeInIndex = 0; path = MixedLanguageTestingTests.xctest; sourceTree = BUILT_PRODUCTS_DIR; };
		3F9627B620A0B1A7005BE64B /* MixedLanguageTestingTests.swift */ = {isa = PBXFileReference; lastKnownFileType = sourcecode.swift; path = MixedLanguageTestingTests.swift; sourceTree = "<group>"; };
		3F9627B820A0B1A7005BE64B /* Info.plist */ = {isa = PBXFileReference; lastKnownFileType = text.plist.xml; path = Info.plist; sourceTree = "<group>"; };
		3F9627BD20A0B1A7005BE64B /* MixedLanguageTestingUITests.xctest */ = {isa = PBXFileReference; explicitFileType = wrapper.cfbundle; includeInIndex = 0; path = MixedLanguageTestingUITests.xctest; sourceTree = BUILT_PRODUCTS_DIR; };
		3F9627C120A0B1A7005BE64B /* MixedLanguageTestingUITests.swift */ = {isa = PBXFileReference; lastKnownFileType = sourcecode.swift; path = MixedLanguageTestingUITests.swift; sourceTree = "<group>"; };
		3F9627C320A0B1A7005BE64B /* Info.plist */ = {isa = PBXFileReference; lastKnownFileType = text.plist.xml; path = Info.plist; sourceTree = "<group>"; };
		3F9627CF20A0B1C0005BE64B /* SomeSwiftClass.swift */ = {isa = PBXFileReference; lastKnownFileType = sourcecode.swift; path = SomeSwiftClass.swift; sourceTree = "<group>"; };
		3F9627D120A0B453005BE64B /* MixedLanguageTestingTests-Bridging-Header.h */ = {isa = PBXFileReference; lastKnownFileType = sourcecode.c.h; path = "MixedLanguageTestingTests-Bridging-Header.h"; sourceTree = "<group>"; };
		3F9627D220A0B453005BE64B /* ObjCTests.m */ = {isa = PBXFileReference; lastKnownFileType = sourcecode.c.objc; path = ObjCTests.m; sourceTree = "<group>"; };
		3F9627D420A0B558005BE64B /* MixedLanguageTesting-Bridging-Header.h */ = {isa = PBXFileReference; lastKnownFileType = sourcecode.c.h; path = "MixedLanguageTesting-Bridging-Header.h"; sourceTree = "<group>"; };
		3F9627D820A0B7BB005BE64B /* ObjCClassUsingSwiftClass.h */ = {isa = PBXFileReference; lastKnownFileType = sourcecode.c.h; path = ObjCClassUsingSwiftClass.h; sourceTree = "<group>"; };
		3F9627D920A0B7BB005BE64B /* ObjCClassUsingSwiftClass.m */ = {isa = PBXFileReference; lastKnownFileType = sourcecode.c.objc; path = ObjCClassUsingSwiftClass.m; sourceTree = "<group>"; };
/* End PBXFileReference section */

/* Begin PBXFrameworksBuildPhase section */
		3F96279D20A0B1A6005BE64B /* Frameworks */ = {
			isa = PBXFrameworksBuildPhase;
			buildActionMask = 2147483647;
			files = (
			);
			runOnlyForDeploymentPostprocessing = 0;
		};
		3F9627AF20A0B1A7005BE64B /* Frameworks */ = {
			isa = PBXFrameworksBuildPhase;
			buildActionMask = 2147483647;
			files = (
			);
			runOnlyForDeploymentPostprocessing = 0;
		};
		3F9627BA20A0B1A7005BE64B /* Frameworks */ = {
			isa = PBXFrameworksBuildPhase;
			buildActionMask = 2147483647;
			files = (
			);
			runOnlyForDeploymentPostprocessing = 0;
		};
/* End PBXFrameworksBuildPhase section */

/* Begin PBXGroup section */
		3F96279720A0B1A6005BE64B = {
			isa = PBXGroup;
			children = (
				3F9627A220A0B1A6005BE64B /* MixedLanguageTesting */,
				3F9627B520A0B1A7005BE64B /* MixedLanguageTestingTests */,
				3F9627C020A0B1A7005BE64B /* MixedLanguageTestingUITests */,
				3F9627A120A0B1A6005BE64B /* Products */,
			);
			sourceTree = "<group>";
		};
		3F9627A120A0B1A6005BE64B /* Products */ = {
			isa = PBXGroup;
			children = (
				3F9627A020A0B1A6005BE64B /* MixedLanguageTesting.app */,
				3F9627B220A0B1A7005BE64B /* MixedLanguageTestingTests.xctest */,
				3F9627BD20A0B1A7005BE64B /* MixedLanguageTestingUITests.xctest */,
			);
			name = Products;
			sourceTree = "<group>";
		};
		3F9627A220A0B1A6005BE64B /* MixedLanguageTesting */ = {
			isa = PBXGroup;
			children = (
				3F9627A320A0B1A6005BE64B /* AppDelegate.swift */,
				3F9627A520A0B1A6005BE64B /* ViewController.swift */,
				3F9627A720A0B1A6005BE64B /* Assets.xcassets */,
				3F9627A920A0B1A6005BE64B /* Main.storyboard */,
				3F9627AC20A0B1A6005BE64B /* Info.plist */,
				3F9627AD20A0B1A6005BE64B /* MixedLanguageTesting.entitlements */,
				3F9627CF20A0B1C0005BE64B /* SomeSwiftClass.swift */,
				3F9627D820A0B7BB005BE64B /* ObjCClassUsingSwiftClass.h */,
				3F9627D920A0B7BB005BE64B /* ObjCClassUsingSwiftClass.m */,
				3F9627D420A0B558005BE64B /* MixedLanguageTesting-Bridging-Header.h */,
			);
			path = MixedLanguageTesting;
			sourceTree = "<group>";
		};
		3F9627B520A0B1A7005BE64B /* MixedLanguageTestingTests */ = {
			isa = PBXGroup;
			children = (
				3F9627B620A0B1A7005BE64B /* MixedLanguageTestingTests.swift */,
				3F9627D220A0B453005BE64B /* ObjCTests.m */,
				3F9627B820A0B1A7005BE64B /* Info.plist */,
				3F9627D120A0B453005BE64B /* MixedLanguageTestingTests-Bridging-Header.h */,
			);
			path = MixedLanguageTestingTests;
			sourceTree = "<group>";
		};
		3F9627C020A0B1A7005BE64B /* MixedLanguageTestingUITests */ = {
			isa = PBXGroup;
			children = (
				3F9627C120A0B1A7005BE64B /* MixedLanguageTestingUITests.swift */,
				3F9627C320A0B1A7005BE64B /* Info.plist */,
			);
			path = MixedLanguageTestingUITests;
			sourceTree = "<group>";
		};
/* End PBXGroup section */

/* Begin PBXNativeTarget section */
		3F96279F20A0B1A6005BE64B /* MixedLanguageTesting */ = {
			isa = PBXNativeTarget;
			buildConfigurationList = 3F9627C620A0B1A7005BE64B /* Build configuration list for PBXNativeTarget "MixedLanguageTesting" */;
			buildPhases = (
				3F96279C20A0B1A6005BE64B /* Sources */,
				3F96279D20A0B1A6005BE64B /* Frameworks */,
				3F96279E20A0B1A6005BE64B /* Resources */,
			);
			buildRules = (
			);
			dependencies = (
			);
			name = MixedLanguageTesting;
			productName = MixedLanguageTesting;
			productReference = 3F9627A020A0B1A6005BE64B /* MixedLanguageTesting.app */;
			productType = "com.apple.product-type.application";
		};
		3F9627B120A0B1A7005BE64B /* MixedLanguageTestingTests */ = {
			isa = PBXNativeTarget;
			buildConfigurationList = 3F9627C920A0B1A7005BE64B /* Build configuration list for PBXNativeTarget "MixedLanguageTestingTests" */;
			buildPhases = (
				3F9627AE20A0B1A7005BE64B /* Sources */,
				3F9627AF20A0B1A7005BE64B /* Frameworks */,
				3F9627B020A0B1A7005BE64B /* Resources */,
			);
			buildRules = (
			);
			dependencies = (
				3F9627B420A0B1A7005BE64B /* PBXTargetDependency */,
			);
			name = MixedLanguageTestingTests;
			productName = MixedLanguageTestingTests;
			productReference = 3F9627B220A0B1A7005BE64B /* MixedLanguageTestingTests.xctest */;
			productType = "com.apple.product-type.bundle.unit-test";
		};
		3F9627BC20A0B1A7005BE64B /* MixedLanguageTestingUITests */ = {
			isa = PBXNativeTarget;
			buildConfigurationList = 3F9627CC20A0B1A7005BE64B /* Build configuration list for PBXNativeTarget "MixedLanguageTestingUITests" */;
			buildPhases = (
				3F9627B920A0B1A7005BE64B /* Sources */,
				3F9627BA20A0B1A7005BE64B /* Frameworks */,
				3F9627BB20A0B1A7005BE64B /* Resources */,
			);
			buildRules = (
			);
			dependencies = (
				3F9627BF20A0B1A7005BE64B /* PBXTargetDependency */,
			);
			name = MixedLanguageTestingUITests;
			productName = MixedLanguageTestingUITests;
			productReference = 3F9627BD20A0B1A7005BE64B /* MixedLanguageTestingUITests.xctest */;
			productType = "com.apple.product-type.bundle.ui-testing";
		};
/* End PBXNativeTarget section */

/* Begin PBXProject section */
		3F96279820A0B1A6005BE64B /* Project object */ = {
			isa = PBXProject;
			attributes = {
				LastSwiftUpdateCheck = 0930;
				LastUpgradeCheck = 0930;
				ORGANIZATIONNAME = "Jeremy W. Sherman";
				TargetAttributes = {
					3F96279F20A0B1A6005BE64B = {
						CreatedOnToolsVersion = 9.3;
						LastSwiftMigration = 0930;
					};
					3F9627B120A0B1A7005BE64B = {
						CreatedOnToolsVersion = 9.3;
						LastSwiftMigration = 0930;
						TestTargetID = 3F96279F20A0B1A6005BE64B;
					};
					3F9627BC20A0B1A7005BE64B = {
						CreatedOnToolsVersion = 9.3;
						TestTargetID = 3F96279F20A0B1A6005BE64B;
					};
				};
			};
			buildConfigurationList = 3F96279B20A0B1A6005BE64B /* Build configuration list for PBXProject "MixedLanguageTesting" */;
			compatibilityVersion = "Xcode 9.3";
			developmentRegion = en;
			hasScannedForEncodings = 0;
			knownRegions = (
				en,
				Base,
			);
			mainGroup = 3F96279720A0B1A6005BE64B;
			productRefGroup = 3F9627A120A0B1A6005BE64B /* Products */;
			projectDirPath = "";
			projectRoot = "";
			targets = (
				3F96279F20A0B1A6005BE64B /* MixedLanguageTesting */,
				3F9627B120A0B1A7005BE64B /* MixedLanguageTestingTests */,
				3F9627BC20A0B1A7005BE64B /* MixedLanguageTestingUITests */,
			);
		};
/* End PBXProject section */

/* Begin PBXResourcesBuildPhase section */
		3F96279E20A0B1A6005BE64B /* Resources */ = {
			isa = PBXResourcesBuildPhase;
			buildActionMask = 2147483647;
			files = (
				3F9627A820A0B1A6005BE64B /* Assets.xcassets in Resources */,
				3F9627AB20A0B1A6005BE64B /* Main.storyboard in Resources */,
			);
			runOnlyForDeploymentPostprocessing = 0;
		};
		3F9627B020A0B1A7005BE64B /* Resources */ = {
			isa = PBXResourcesBuildPhase;
			buildActionMask = 2147483647;
			files = (
			);
			runOnlyForDeploymentPostprocessing = 0;
		};
		3F9627BB20A0B1A7005BE64B /* Resources */ = {
			isa = PBXResourcesBuildPhase;
			buildActionMask = 2147483647;
			files = (
			);
			runOnlyForDeploymentPostprocessing = 0;
		};
/* End PBXResourcesBuildPhase section */

/* Begin PBXSourcesBuildPhase section */
		3F96279C20A0B1A6005BE64B /* Sources */ = {
			isa = PBXSourcesBuildPhase;
			buildActionMask = 2147483647;
			files = (
				3F9627A620A0B1A6005BE64B /* ViewController.swift in Sources */,
				3F9627D020A0B1C0005BE64B /* SomeSwiftClass.swift in Sources */,
				3F9627DA20A0B7BB005BE64B /* ObjCClassUsingSwiftClass.m in Sources */,
				3F9627A420A0B1A6005BE64B /* AppDelegate.swift in Sources */,
			);
			runOnlyForDeploymentPostprocessing = 0;
		};
		3F9627AE20A0B1A7005BE64B /* Sources */ = {
			isa = PBXSourcesBuildPhase;
			buildActionMask = 2147483647;
			files = (
				3F9627B720A0B1A7005BE64B /* MixedLanguageTestingTests.swift in Sources */,
				3F9627D320A0B453005BE64B /* ObjCTests.m in Sources */,
			);
			runOnlyForDeploymentPostprocessing = 0;
		};
		3F9627B920A0B1A7005BE64B /* Sources */ = {
			isa = PBXSourcesBuildPhase;
			buildActionMask = 2147483647;
			files = (
				3F9627C220A0B1A7005BE64B /* MixedLanguageTestingUITests.swift in Sources */,
			);
			runOnlyForDeploymentPostprocessing = 0;
		};
/* End PBXSourcesBuildPhase section */

/* Begin PBXTargetDependency section */
		3F9627B420A0B1A7005BE64B /* PBXTargetDependency */ = {
			isa = PBXTargetDependency;
			target = 3F96279F20A0B1A6005BE64B /* MixedLanguageTesting */;
			targetProxy = 3F9627B320A0B1A7005BE64B /* PBXContainerItemProxy */;
		};
		3F9627BF20A0B1A7005BE64B /* PBXTargetDependency */ = {
			isa = PBXTargetDependency;
			target = 3F96279F20A0B1A6005BE64B /* MixedLanguageTesting */;
			targetProxy = 3F9627BE20A0B1A7005BE64B /* PBXContainerItemProxy */;
		};
/* End PBXTargetDependency section */

/* Begin PBXVariantGroup section */
		3F9627A920A0B1A6005BE64B /* Main.storyboard */ = {
			isa = PBXVariantGroup;
			children = (
				3F9627AA20A0B1A6005BE64B /* Base */,
			);
			name = Main.storyboard;
			sourceTree = "<group>";
		};
/* End PBXVariantGroup section */

/* Begin XCBuildConfiguration section */
		3F9627C420A0B1A7005BE64B /* Debug */ = {
			isa = XCBuildConfiguration;
			buildSettings = {
				ALWAYS_SEARCH_USER_PATHS = NO;
				CLANG_ANALYZER_NONNULL = YES;
				CLANG_ANALYZER_NUMBER_OBJECT_CONVERSION = YES_AGGRESSIVE;
				CLANG_CXX_LANGUAGE_STANDARD = "gnu++14";
				CLANG_CXX_LIBRARY = "libc++";
				CLANG_ENABLE_MODULES = YES;
				CLANG_ENABLE_OBJC_ARC = YES;
				CLANG_ENABLE_OBJC_WEAK = YES;
				CLANG_WARN_BLOCK_CAPTURE_AUTORELEASING = YES;
				CLANG_WARN_BOOL_CONVERSION = YES;
				CLANG_WARN_COMMA = YES;
				CLANG_WARN_CONSTANT_CONVERSION = YES;
				CLANG_WARN_DEPRECATED_OBJC_IMPLEMENTATIONS = YES;
				CLANG_WARN_DIRECT_OBJC_ISA_USAGE = YES_ERROR;
				CLANG_WARN_DOCUMENTATION_COMMENTS = YES;
				CLANG_WARN_EMPTY_BODY = YES;
				CLANG_WARN_ENUM_CONVERSION = YES;
				CLANG_WARN_INFINITE_RECURSION = YES;
				CLANG_WARN_INT_CONVERSION = YES;
				CLANG_WARN_NON_LITERAL_NULL_CONVERSION = YES;
				CLANG_WARN_OBJC_IMPLICIT_RETAIN_SELF = YES;
				CLANG_WARN_OBJC_LITERAL_CONVERSION = YES;
				CLANG_WARN_OBJC_ROOT_CLASS = YES_ERROR;
				CLANG_WARN_RANGE_LOOP_ANALYSIS = YES;
				CLANG_WARN_STRICT_PROTOTYPES = YES;
				CLANG_WARN_SUSPICIOUS_MOVE = YES;
				CLANG_WARN_UNGUARDED_AVAILABILITY = YES_AGGRESSIVE;
				CLANG_WARN_UNREACHABLE_CODE = YES;
				CLANG_WARN__DUPLICATE_METHOD_MATCH = YES;
				COPY_PHASE_STRIP = NO;
				DEBUG_INFORMATION_FORMAT = dwarf;
				ENABLE_STRICT_OBJC_MSGSEND = YES;
				ENABLE_TESTABILITY = YES;
				GCC_C_LANGUAGE_STANDARD = gnu11;
				GCC_DYNAMIC_NO_PIC = NO;
				GCC_NO_COMMON_BLOCKS = YES;
				GCC_OPTIMIZATION_LEVEL = 0;
				GCC_PREPROCESSOR_DEFINITIONS = (
					"DEBUG=1",
					"$(inherited)",
				);
				GCC_WARN_64_TO_32_BIT_CONVERSION = YES;
				GCC_WARN_ABOUT_RETURN_TYPE = YES_ERROR;
				GCC_WARN_UNDECLARED_SELECTOR = YES;
				GCC_WARN_UNINITIALIZED_AUTOS = YES_AGGRESSIVE;
				GCC_WARN_UNUSED_FUNCTION = YES;
				GCC_WARN_UNUSED_VARIABLE = YES;
				MACOSX_DEPLOYMENT_TARGET = 10.13;
				MTL_ENABLE_DEBUG_INFO = YES;
				ONLY_ACTIVE_ARCH = YES;
				SDKROOT = macosx;
				SWIFT_ACTIVE_COMPILATION_CONDITIONS = DEBUG;
				SWIFT_OPTIMIZATION_LEVEL = "-Onone";
			};
			name = Debug;
		};
		3F9627C520A0B1A7005BE64B /* Release */ = {
			isa = XCBuildConfiguration;
			buildSettings = {
				ALWAYS_SEARCH_USER_PATHS = NO;
				CLANG_ANALYZER_NONNULL = YES;
				CLANG_ANALYZER_NUMBER_OBJECT_CONVERSION = YES_AGGRESSIVE;
				CLANG_CXX_LANGUAGE_STANDARD = "gnu++14";
				CLANG_CXX_LIBRARY = "libc++";
				CLANG_ENABLE_MODULES = YES;
				CLANG_ENABLE_OBJC_ARC = YES;
				CLANG_ENABLE_OBJC_WEAK = YES;
				CLANG_WARN_BLOCK_CAPTURE_AUTORELEASING = YES;
				CLANG_WARN_BOOL_CONVERSION = YES;
				CLANG_WARN_COMMA = YES;
				CLANG_WARN_CONSTANT_CONVERSION = YES;
				CLANG_WARN_DEPRECATED_OBJC_IMPLEMENTATIONS = YES;
				CLANG_WARN_DIRECT_OBJC_ISA_USAGE = YES_ERROR;
				CLANG_WARN_DOCUMENTATION_COMMENTS = YES;
				CLANG_WARN_EMPTY_BODY = YES;
				CLANG_WARN_ENUM_CONVERSION = YES;
				CLANG_WARN_INFINITE_RECURSION = YES;
				CLANG_WARN_INT_CONVERSION = YES;
				CLANG_WARN_NON_LITERAL_NULL_CONVERSION = YES;
				CLANG_WARN_OBJC_IMPLICIT_RETAIN_SELF = YES;
				CLANG_WARN_OBJC_LITERAL_CONVERSION = YES;
				CLANG_WARN_OBJC_ROOT_CLASS = YES_ERROR;
				CLANG_WARN_RANGE_LOOP_ANALYSIS = YES;
				CLANG_WARN_STRICT_PROTOTYPES = YES;
				CLANG_WARN_SUSPICIOUS_MOVE = YES;
				CLANG_WARN_UNGUARDED_AVAILABILITY = YES_AGGRESSIVE;
				CLANG_WARN_UNREACHABLE_CODE = YES;
				CLANG_WARN__DUPLICATE_METHOD_MATCH = YES;
				COPY_PHASE_STRIP = NO;
				DEBUG_INFORMATION_FORMAT = "dwarf-with-dsym";
				ENABLE_NS_ASSERTIONS = NO;
				ENABLE_STRICT_OBJC_MSGSEND = YES;
				GCC_C_LANGUAGE_STANDARD = gnu11;
				GCC_NO_COMMON_BLOCKS = YES;
				GCC_WARN_64_TO_32_BIT_CONVERSION = YES;
				GCC_WARN_ABOUT_RETURN_TYPE = YES_ERROR;
				GCC_WARN_UNDECLARED_SELECTOR = YES;
				GCC_WARN_UNINITIALIZED_AUTOS = YES_AGGRESSIVE;
				GCC_WARN_UNUSED_FUNCTION = YES;
				GCC_WARN_UNUSED_VARIABLE = YES;
				MACOSX_DEPLOYMENT_TARGET = 10.13;
				MTL_ENABLE_DEBUG_INFO = NO;
				SDKROOT = macosx;
				SWIFT_COMPILATION_MODE = wholemodule;
				SWIFT_OPTIMIZATION_LEVEL = "-O";
			};
			name = Release;
		};
		3F9627C720A0B1A7005BE64B /* Debug */ = {
			isa = XCBuildConfiguration;
			buildSettings = {
				ASSETCATALOG_COMPILER_APPICON_NAME = AppIcon;
				CLANG_ENABLE_MODULES = YES;
				COMBINE_HIDPI_IMAGES = YES;
				INFOPLIST_FILE = MixedLanguageTesting/Info.plist;
				LD_RUNPATH_SEARCH_PATHS = (
					"$(inherited)",
					"@executable_path/../Frameworks",
				);
				PRODUCT_BUNDLE_IDENTIFIER = com.jeremywsherman.MixedLanguageTesting;
				PRODUCT_NAME = "$(TARGET_NAME)";
				SWIFT_OBJC_BRIDGING_HEADER = "MixedLanguageTesting/MixedLanguageTesting-Bridging-Header.h";
				SWIFT_OPTIMIZATION_LEVEL = "-Onone";
				SWIFT_VERSION = 4.0;
			};
			name = Debug;
		};
		3F9627C820A0B1A7005BE64B /* Release */ = {
			isa = XCBuildConfiguration;
			buildSettings = {
				ASSETCATALOG_COMPILER_APPICON_NAME = AppIcon;
				CLANG_ENABLE_MODULES = YES;
				COMBINE_HIDPI_IMAGES = YES;
				INFOPLIST_FILE = MixedLanguageTesting/Info.plist;
				LD_RUNPATH_SEARCH_PATHS = (
					"$(inherited)",
					"@executable_path/../Frameworks",
				);
				PRODUCT_BUNDLE_IDENTIFIER = com.jeremywsherman.MixedLanguageTesting;
				PRODUCT_NAME = "$(TARGET_NAME)";
				SWIFT_OBJC_BRIDGING_HEADER = "MixedLanguageTesting/MixedLanguageTesting-Bridging-Header.h";
				SWIFT_VERSION = 4.0;
			};
			name = Release;
		};
		3F9627CA20A0B1A7005BE64B /* Debug */ = {
			isa = XCBuildConfiguration;
			buildSettings = {
				ALWAYS_EMBED_SWIFT_STANDARD_LIBRARIES = YES;
				BUNDLE_LOADER = "$(TEST_HOST)";
				CLANG_ENABLE_MODULES = YES;
				COMBINE_HIDPI_IMAGES = YES;
				HEADER_SEARCH_PATHS = (
					"$(DERIVED_SOURCES_DIR)/../../MixedLanguageTesting.build/DerivedSources",
					HEY_LOOK_ITS_MY_HEADER_SEARCH_PATH,
					"$(BUILD_DIR)/MixedLanguageTesting.build/$(CONFIGURATION)/MixedLanguageTesting.build/DerivedSources",
				);
				INFOPLIST_FILE = MixedLanguageTestingTests/Info.plist;
				LD_RUNPATH_SEARCH_PATHS = (
					"$(inherited)",
					"@executable_path/../Frameworks",
					"@loader_path/../Frameworks",
				);
				PRODUCT_BUNDLE_IDENTIFIER = com.jeremywsherman.MixedLanguageTestingTests;
				PRODUCT_NAME = "$(TARGET_NAME)";
				SWIFT_OBJC_BRIDGING_HEADER = "MixedLanguageTestingTests/MixedLanguageTestingTests-Bridging-Header.h";
				SWIFT_OPTIMIZATION_LEVEL = "-Onone";
				SWIFT_VERSION = 4.0;
				TEST_HOST = "$(BUILT_PRODUCTS_DIR)/MixedLanguageTesting.app/Contents/MacOS/MixedLanguageTesting";
			};
			name = Debug;
		};
		3F9627CB20A0B1A7005BE64B /* Release */ = {
			isa = XCBuildConfiguration;
			buildSettings = {
				ALWAYS_EMBED_SWIFT_STANDARD_LIBRARIES = YES;
				BUNDLE_LOADER = "$(TEST_HOST)";
				CLANG_ENABLE_MODULES = YES;
				COMBINE_HIDPI_IMAGES = YES;
				HEADER_SEARCH_PATHS = (
					"$(DERIVED_SOURCES_DIR)/../../MixedLanguageTesting.build/DerivedSources",
					HEY_LOOK_ITS_MY_HEADER_SEARCH_PATH,
					"$(BUILD_DIR)/MixedLanguageTesting.build/$(CONFIGURATION)/MixedLanguageTesting.build/DerivedSources",
				);
				INFOPLIST_FILE = MixedLanguageTestingTests/Info.plist;
				LD_RUNPATH_SEARCH_PATHS = (
					"$(inherited)",
					"@executable_path/../Frameworks",
					"@loader_path/../Frameworks",
				);
				PRODUCT_BUNDLE_IDENTIFIER = com.jeremywsherman.MixedLanguageTestingTests;
				PRODUCT_NAME = "$(TARGET_NAME)";
				SWIFT_OBJC_BRIDGING_HEADER = "MixedLanguageTestingTests/MixedLanguageTestingTests-Bridging-Header.h";
				SWIFT_VERSION = 4.0;
				TEST_HOST = "$(BUILT_PRODUCTS_DIR)/MixedLanguageTesting.app/Contents/MacOS/MixedLanguageTesting";
			};
			name = Release;
		};
		3F9627CD20A0B1A7005BE64B /* Debug */ = {
			isa = XCBuildConfiguration;
			buildSettings = {
				ALWAYS_EMBED_SWIFT_STANDARD_LIBRARIES = YES;
				COMBINE_HIDPI_IMAGES = YES;
				INFOPLIST_FILE = MixedLanguageTestingUITests/Info.plist;
				LD_RUNPATH_SEARCH_PATHS = (
					"$(inherited)",
					"@executable_path/../Frameworks",
					"@loader_path/../Frameworks",
				);
				PRODUCT_BUNDLE_IDENTIFIER = com.jeremywsherman.MixedLanguageTestingUITests;
				PRODUCT_NAME = "$(TARGET_NAME)";
				SWIFT_VERSION = 4.0;
				TEST_TARGET_NAME = MixedLanguageTesting;
			};
			name = Debug;
		};
		3F9627CE20A0B1A7005BE64B /* Release */ = {
			isa = XCBuildConfiguration;
			buildSettings = {
				ALWAYS_EMBED_SWIFT_STANDARD_LIBRARIES = YES;
				COMBINE_HIDPI_IMAGES = YES;
				INFOPLIST_FILE = MixedLanguageTestingUITests/Info.plist;
				LD_RUNPATH_SEARCH_PATHS = (
					"$(inherited)",
					"@executable_path/../Frameworks",
					"@loader_path/../Frameworks",
				);
				PRODUCT_BUNDLE_IDENTIFIER = com.jeremywsherman.MixedLanguageTestingUITests;
				PRODUCT_NAME = "$(TARGET_NAME)";
				SWIFT_VERSION = 4.0;
				TEST_TARGET_NAME = MixedLanguageTesting;
			};
			name = Release;
		};
/* End XCBuildConfiguration section */

/* Begin XCConfigurationList section */
		3F96279B20A0B1A6005BE64B /* Build configuration list for PBXProject "MixedLanguageTesting" */ = {
			isa = XCConfigurationList;
			buildConfigurations = (
				3F9627C420A0B1A7005BE64B /* Debug */,
				3F9627C520A0B1A7005BE64B /* Release */,
			);
			defaultConfigurationIsVisible = 0;
			defaultConfigurationName = Release;
		};
		3F9627C620A0B1A7005BE64B /* Build configuration list for PBXNativeTarget "MixedLanguageTesting" */ = {
			isa = XCConfigurationList;
			buildConfigurations = (
				3F9627C720A0B1A7005BE64B /* Debug */,
				3F9627C820A0B1A7005BE64B /* Release */,
			);
			defaultConfigurationIsVisible = 0;
			defaultConfigurationName = Release;
		};
		3F9627C920A0B1A7005BE64B /* Build configuration list for PBXNativeTarget "MixedLanguageTestingTests" */ = {
			isa = XCConfigurationList;
			buildConfigurations = (
				3F9627CA20A0B1A7005BE64B /* Debug */,
				3F9627CB20A0B1A7005BE64B /* Release */,
			);
			defaultConfigurationIsVisible = 0;
			defaultConfigurationName = Release;
		};
		3F9627CC20A0B1A7005BE64B /* Build configuration list for PBXNativeTarget "MixedLanguageTestingUITests" */ = {
			isa = XCConfigurationList;
			buildConfigurations = (
				3F9627CD20A0B1A7005BE64B /* Debug */,
				3F9627CE20A0B1A7005BE64B /* Release */,
			);
			defaultConfigurationIsVisible = 0;
			defaultConfigurationName = Release;
		};
/* End XCConfigurationList section */
	};
	rootObject = 3F96279820A0B1A6005BE64B /* Project object */;
}
